
Microsoft Visual Studio Solution File, Format Version 11.00
# Visual Studio 2010
Project("{FAE04EC0-301F-11D3-BF4B-00C04F79EFBC}") = "Assembly-CSharp", "Assembly-CSharp.csproj", "{4661AC36-6E1D-C50A-CEBA-B566561DADD1}"
EndProject
Project("{FAE04EC0-301F-11D3-BF4B-00C04F79EFBC}") = "Assembly-CSharp-firstpass", "Assembly-CSharp-firstpass.csproj", "{7697C1EE-7577-8B4A-EBF2-FFC47ADFCE9A}"
EndProject
Project("{FAE04EC0-301F-11D3-BF4B-00C04F79EFBC}") = "Assembly-CSharp-Editor-firstpass", "Assembly-CSharp-Editor-firstpass.csproj", "{994BFAC8-C191-8EBD-045E-631FC7813D4E}"
EndProject
Project("{FAE04EC0-301F-11D3-BF4B-00C04F79EFBC}") = "Assembly-CSharp-Editor", "Assembly-CSharp-Editor.csproj", "{82219ED3-4036-4F5D-7E34-5E8FAB01D126}"
EndProject
Global
	GlobalSection(SolutionConfigurationPlatforms) = preSolution
		Debug|Any CPU = Debug|Any CPU
		Release|Any CPU = Release|Any CPU
	EndGlobalSection
	GlobalSection(ProjectConfigurationPlatforms) = postSolution
		{4661AC36-6E1D-C50A-CEBA-B566561DADD1}.Debug|Any CPU.ActiveCfg = Debug|Any CPU
		{4661AC36-6E1D-C50A-CEBA-B566561DADD1}.Debug|Any CPU.Build.0 = Debug|Any CPU
		{4661AC36-6E1D-C50A-CEBA-B566561DADD1}.Release|Any CPU.ActiveCfg = Release|Any CPU
		{4661AC36-6E1D-C50A-CEBA-B566561DADD1}.Release|Any CPU.Build.0 = Release|Any CPU
		{7697C1EE-7577-8B4A-EBF2-FFC47ADFCE9A}.Debug|Any CPU.ActiveCfg = Debug|Any CPU
		{7697C1EE-7577-8B4A-EBF2-FFC47ADFCE9A}.Debug|Any CPU.Build.0 = Debug|Any CPU
		{7697C1EE-7577-8B4A-EBF2-FFC47ADFCE9A}.Release|Any CPU.ActiveCfg = Release|Any CPU
		{7697C1EE-7577-8B4A-EBF2-FFC47ADFCE9A}.Release|Any CPU.Build.0 = Release|Any CPU
		{994BFAC8-C191-8EBD-045E-631FC7813D4E}.Debug|Any CPU.ActiveCfg = Debug|Any CPU
		{994BFAC8-C191-8EBD-045E-631FC7813D4E}.Debug|Any CPU.Build.0 = Debug|Any CPU
		{994BFAC8-C191-8EBD-045E-631FC7813D4E}.Release|Any CPU.ActiveCfg = Release|Any CPU
		{994BFAC8-C191-8EBD-045E-631FC7813D4E}.Release|Any CPU.Build.0 = Release|Any CPU
		{82219ED3-4036-4F5D-7E34-5E8FAB01D126}.Debug|Any CPU.ActiveCfg = Debug|Any CPU
		{82219ED3-4036-4F5D-7E34-5E8FAB01D126}.Debug|Any CPU.Build.0 = Debug|Any CPU
		{82219ED3-4036-4F5D-7E34-5E8FAB01D126}.Release|Any CPU.ActiveCfg = Release|Any CPU
		{82219ED3-4036-4F5D-7E34-5E8FAB01D126}.Release|Any CPU.Build.0 = Release|Any CPU
	EndGlobalSection
	GlobalSection(SolutionProperties) = preSolution
		HideSolutionNode = FALSE
	EndGlobalSection
	GlobalSection(MonoDevelopProperties) = preSolution
		StartupItem = Assembly-CSharp.csproj
	EndGlobalSection
EndGlobal
